<?xml version="1.0" encoding="utf-8"?>
<Project ToolsVersion="4.0" xmlns="http://schemas.microsoft.com/developer/msbuild/2003">
  <ItemGroup>
    <Filter Include="View Module">
      <UniqueIdentifier>{e5e4ead7-6c9e-4c50-899f-e75bee78b266}</UniqueIdentifier>
    </Filter>
    <Filter Include="File Module">
      <UniqueIdentifier>{bbbf73d0-9d92-4524-8418-d3249e7413ab}</UniqueIdentifier>
    </Filter>
    <Filter Include="Buffer Module">
      <UniqueIdentifier>{f6022f14-90ff-4ab6-9c59-461c4a8d9e0b}</UniqueIdentifier>
    </Filter>
    <Filter Include="PE Module">
      <UniqueIdentifier>{1a29c941-ebcd-4fb7-904a-71bdf363fdb5}</UniqueIdentifier>
    </Filter>
  </ItemGroup>
  <ItemGroup>
    <ClCompile Include="View Module\MainView.cpp">
      <Filter>View Module</Filter>
    </ClCompile>
    <ClCompile Include="File Module\Cfile.cpp">
      <Filter>File Module</Filter>
    </ClCompile>
    <ClCompile Include="Memory Module\Cbuffer.cpp">
      <Filter>Buffer Module</Filter>
    </ClCompile>
    <ClCompile Include="PE Module\PeTools.cpp">
      <Filter>PE Module</Filter>
    </ClCompile>
  </ItemGroup>
  <ItemGroup>
    <ClInclude Include="View Module\resource.h">
      <Filter>View Module</Filter>
    </ClInclude>
    <ClInclude Include="File Module\Cfile.h">
      <Filter>File Module</Filter>
    </ClInclude>
    <ClInclude Include="Memory Module\Cbuffer.h">
      <Filter>Buffer Module</Filter>
    </ClInclude>
    <ClInclude Include="Memory Module\Cbuffer_operator.h">
      <Filter>Buffer Module</Filter>
    </ClInclude>
    <ClInclude Include="PE Module\PeTools.h">
      <Filter>PE Module</Filter>
    </ClInclude>
  </ItemGroup>
  <ItemGroup>
    <ResourceCompile Include="View Module\加密壳-win32.rc">
      <Filter>View Module</Filter>
    </ResourceCompile>
  </ItemGroup>
</Project>